
Microsoft Visual Studio Solution File, Format Version 12.00
# Visual Studio Version 16
VisualStudioVersion = 16.0.29806.167
MinimumVisualStudioVersion = 10.0.40219.1
Project("{FAE04EC0-301F-11D3-BF4B-00C04F79EFBC}") = "MovieList", "MovieList\MovieList.csproj", "{15E054D4-DB4E-4024-80FF-C186DD91990B}"
EndProject
Global
	GlobalSection(SolutionConfigurationPlatforms) = preSolution
		Debug|Any CPU = Debug|Any CPU
		Release|Any CPU = Release|Any CPU
	EndGlobalSection
	GlobalSection(ProjectConfigurationPlatforms) = postSolution
		{15E054D4-DB4E-4024-80FF-C186DD91990B}.Debug|Any CPU.ActiveCfg = Debug|Any CPU
		{15E054D4-DB4E-4024-80FF-C186DD91990B}.Debug|Any CPU.Build.0 = Debug|Any CPU
		{15E054D4-DB4E-4024-80FF-C186DD91990B}.Release|Any CPU.ActiveCfg = Release|Any CPU
		{15E054D4-DB4E-4024-80FF-C186DD91990B}.Release|Any CPU.Build.0 = Release|Any CPU
	EndGlobalSection
	GlobalSection(SolutionProperties) = preSolution
		HideSolutionNode = FALSE
	EndGlobalSection
	GlobalSection(ExtensibilityGlobals) = postSolution
		SolutionGuid = {25969D36-A0E9-444D-840A-60ACA6047186}
	EndGlobalSection
EndGlobal
